
Microsoft Visual Studio Solution File, Format Version 12.00
# Visual Studio Version 17
VisualStudioVersion = 17.0.31903.59
MinimumVisualStudioVersion = 10.0.40219.1
Project("{2150E333-8FDC-42A3-9474-1A3956D46DE8}") = "src", "src", "{7074BDC5-03B6-4A6D-8D2A-24609998D2B8}"
EndProject
Project("{FAE04EC0-301F-11D3-BF4B-00C04F79EFBC}") = "SoundScript.Core", "src\SoundScript.Core\SoundScript.Core.csproj", "{8B3504EC-5211-49AA-91FE-5837B4F6513A}"
EndProject
Project("{FAE04EC0-301F-11D3-BF4B-00C04F79EFBC}") = "SoundScript.Parser", "src\SoundScript.Parser\SoundScript.Parser.csproj", "{9872D1A1-0994-4F80-8856-10EA3A11810B}"
EndProject
Project("{FAE04EC0-301F-11D3-BF4B-00C04F79EFBC}") = "SoundScript.Midi", "src\SoundScript.Midi\SoundScript.Midi.csproj", "{78335A7F-6D14-4EC9-8CF6-06E878A0900C}"
EndProject
Project("{FAE04EC0-301F-11D3-BF4B-00C04F79EFBC}") = "SoundScript.Cli", "src\SoundScript.Cli\SoundScript.Cli.csproj", "{45D4F460-9BFB-4B63-8917-4724056798CA}"
EndProject
Project("{FAE04EC0-301F-11D3-BF4B-00C04F79EFBC}") = "SoundScript.Web", "src\SoundScript.Web\SoundScript.Web.csproj", "{E5047A6C-8DD2-41C4-B606-B96951DB9FC6}"
EndProject
Project("{FAE04EC0-301F-11D3-BF4B-00C04F79EFBC}") = "SoundScript.Playground", "src\SoundScript.Playground\SoundScript.Playground.csproj", "{A1B2C3D4-E5F6-7890-ABCD-EF1234567890}"
EndProject
Project("{FAE04EC0-301F-11D3-BF4B-00C04F79EFBC}") = "SoundScript.Tests", "src\SoundScript.Tests\SoundScript.Tests.csproj", "{B2C3D4E5-F6A7-8901-BCDE-F12345678901}"
EndProject
Project("{FAE04EC0-301F-11D3-BF4B-00C04F79EFBC}") = "SoundScript.Voice", "src\SoundScript.Voice\SoundScript.Voice.csproj", "{3F143E82-9D89-413F-A8F1-B624AD8E1007}"
EndProject
Project("{FAE04EC0-301F-11D3-BF4B-00C04F79EFBC}") = "SoundScript.Compose", "src\SoundScript.Compose\SoundScript.Compose.csproj", "{6C2A94D1-45B7-4A0E-9F3C-8D15E2B7A643}"
EndProject
Project("{FAE04EC0-301F-11D3-BF4B-00C04F79EFBC}") = "SoundScript.Timbre", "src\SoundScript.Timbre\SoundScript.Timbre.csproj", "{A9E4B1C2-3D5F-4A6B-8C7D-1E2F3A4B5C6D}"
EndProject
Project("{FAE04EC0-301F-11D3-BF4B-00C04F79EFBC}") = "SoundScript.Prosody", "src\SoundScript.Prosody\SoundScript.Prosody.csproj", "{0561AC1C-94CF-485A-9CF5-158FE30C32C1}"
EndProject
Global
	GlobalSection(SolutionConfigurationPlatforms) = preSolution
		Debug|Any CPU = Debug|Any CPU
		Debug|x64 = Debug|x64
		Debug|x86 = Debug|x86
		Release|Any CPU = Release|Any CPU
		Release|x64 = Release|x64
		Release|x86 = Release|x86
	EndGlobalSection
	GlobalSection(ProjectConfigurationPlatforms) = postSolution
		{8B3504EC-5211-49AA-91FE-5837B4F6513A}.Debug|Any CPU.ActiveCfg = Debug|Any CPU
		{8B3504EC-5211-49AA-91FE-5837B4F6513A}.Debug|Any CPU.Build.0 = Debug|Any CPU
		{8B3504EC-5211-49AA-91FE-5837B4F6513A}.Debug|x64.ActiveCfg = Debug|Any CPU
		{8B3504EC-5211-49AA-91FE-5837B4F6513A}.Debug|x64.Build.0 = Debug|Any CPU
		{8B3504EC-5211-49AA-91FE-5837B4F6513A}.Debug|x86.ActiveCfg = Debug|Any CPU
		{8B3504EC-5211-49AA-91FE-5837B4F6513A}.Debug|x86.Build.0 = Debug|Any CPU
		{8B3504EC-5211-49AA-91FE-5837B4F6513A}.Release|Any CPU.ActiveCfg = Release|Any CPU
		{8B3504EC-5211-49AA-91FE-5837B4F6513A}.Release|Any CPU.Build.0 = Release|Any CPU
		{8B3504EC-5211-49AA-91FE-5837B4F6513A}.Release|x64.ActiveCfg = Release|Any CPU
		{8B3504EC-5211-49AA-91FE-5837B4F6513A}.Release|x64.Build.0 = Release|Any CPU
		{8B3504EC-5211-49AA-91FE-5837B4F6513A}.Release|x86.ActiveCfg = Release|Any CPU
		{8B3504EC-5211-49AA-91FE-5837B4F6513A}.Release|x86.Build.0 = Release|Any CPU
		{9872D1A1-0994-4F80-8856-10EA3A11810B}.Debug|Any CPU.ActiveCfg = Debug|Any CPU
		{9872D1A1-0994-4F80-8856-10EA3A11810B}.Debug|Any CPU.Build.0 = Debug|Any CPU
		{9872D1A1-0994-4F80-8856-10EA3A11810B}.Debug|x64.ActiveCfg = Debug|Any CPU
		{9872D1A1-0994-4F80-8856-10EA3A11810B}.Debug|x64.Build.0 = Debug|Any CPU
		{9872D1A1-0994-4F80-8856-10EA3A11810B}.Debug|x86.ActiveCfg = Debug|Any CPU
		{9872D1A1-0994-4F80-8856-10EA3A11810B}.Debug|x86.Build.0 = Debug|Any CPU
		{9872D1A1-0994-4F80-8856-10EA3A11810B}.Release|Any CPU.ActiveCfg = Release|Any CPU
		{9872D1A1-0994-4F80-8856-10EA3A11810B}.Release|Any CPU.Build.0 = Release|Any CPU
		{9872D1A1-0994-4F80-8856-10EA3A11810B}.Release|x64.ActiveCfg = Release|Any CPU
		{9872D1A1-0994-4F80-8856-10EA3A11810B}.Release|x64.Build.0 = Release|Any CPU
		{9872D1A1-0994-4F80-8856-10EA3A11810B}.Release|x86.ActiveCfg = Release|Any CPU
		{9872D1A1-0994-4F80-8856-10EA3A11810B}.Release|x86.Build.0 = Release|Any CPU
		{78335A7F-6D14-4EC9-8CF6-06E878A0900C}.Debug|Any CPU.ActiveCfg = Debug|Any CPU
		{78335A7F-6D14-4EC9-8CF6-06E878A0900C}.Debug|Any CPU.Build.0 = Debug|Any CPU
		{78335A7F-6D14-4EC9-8CF6-06E878A0900C}.Debug|x64.ActiveCfg = Debug|Any CPU
		{78335A7F-6D14-4EC9-8CF6-06E878A0900C}.Debug|x64.Build.0 = Debug|Any CPU
		{78335A7F-6D14-4EC9-8CF6-06E878A0900C}.Debug|x86.ActiveCfg = Debug|Any CPU
		{78335A7F-6D14-4EC9-8CF6-06E878A0900C}.Debug|x86.Build.0 = Debug|Any CPU
		{78335A7F-6D14-4EC9-8CF6-06E878A0900C}.Release|Any CPU.ActiveCfg = Release|Any CPU
		{78335A7F-6D14-4EC9-8CF6-06E878A0900C}.Release|Any CPU.Build.0 = Release|Any CPU
		{78335A7F-6D14-4EC9-8CF6-06E878A0900C}.Release|x64.ActiveCfg = Release|Any CPU
		{78335A7F-6D14-4EC9-8CF6-06E878A0900C}.Release|x64.Build.0 = Release|Any CPU
		{78335A7F-6D14-4EC9-8CF6-06E878A0900C}.Release|x86.ActiveCfg = Release|Any CPU
		{78335A7F-6D14-4EC9-8CF6-06E878A0900C}.Release|x86.Build.0 = Release|Any CPU
		{45D4F460-9BFB-4B63-8917-4724056798CA}.Debug|Any CPU.ActiveCfg = Debug|Any CPU
		{45D4F460-9BFB-4B63-8917-4724056798CA}.Debug|Any CPU.Build.0 = Debug|Any CPU
		{45D4F460-9BFB-4B63-8917-4724056798CA}.Debug|x64.ActiveCfg = Debug|Any CPU
		{45D4F460-9BFB-4B63-8917-4724056798CA}.Debug|x64.Build.0 = Debug|Any CPU
		{45D4F460-9BFB-4B63-8917-4724056798CA}.Debug|x86.ActiveCfg = Debug|Any CPU
		{45D4F460-9BFB-4B63-8917-4724056798CA}.Debug|x86.Build.0 = Debug|Any CPU
		{45D4F460-9BFB-4B63-8917-4724056798CA}.Release|Any CPU.ActiveCfg = Release|Any CPU
		{45D4F460-9BFB-4B63-8917-4724056798CA}.Release|Any CPU.Build.0 = Release|Any CPU
		{45D4F460-9BFB-4B63-8917-4724056798CA}.Release|x64.ActiveCfg = Release|Any CPU
		{45D4F460-9BFB-4B63-8917-4724056798CA}.Release|x64.Build.0 = Release|Any CPU
		{45D4F460-9BFB-4B63-8917-4724056798CA}.Release|x86.ActiveCfg = Release|Any CPU
		{45D4F460-9BFB-4B63-8917-4724056798CA}.Release|x86.Build.0 = Release|Any CPU
		{E5047A6C-8DD2-41C4-B606-B96951DB9FC6}.Debug|Any CPU.ActiveCfg = Debug|Any CPU
		{E5047A6C-8DD2-41C4-B606-B96951DB9FC6}.Debug|Any CPU.Build.0 = Debug|Any CPU
		{E5047A6C-8DD2-41C4-B606-B96951DB9FC6}.Debug|x64.ActiveCfg = Debug|Any CPU
		{E5047A6C-8DD2-41C4-B606-B96951DB9FC6}.Debug|x64.Build.0 = Debug|Any CPU
		{E5047A6C-8DD2-41C4-B606-B96951DB9FC6}.Debug|x86.ActiveCfg = Debug|Any CPU
		{E5047A6C-8DD2-41C4-B606-B96951DB9FC6}.Debug|x86.Build.0 = Debug|Any CPU
		{E5047A6C-8DD2-41C4-B606-B96951DB9FC6}.Release|Any CPU.ActiveCfg = Release|Any CPU
		{E5047A6C-8DD2-41C4-B606-B96951DB9FC6}.Release|Any CPU.Build.0 = Release|Any CPU
		{E5047A6C-8DD2-41C4-B606-B96951DB9FC6}.Release|x64.ActiveCfg = Release|Any CPU
		{E5047A6C-8DD2-41C4-B606-B96951DB9FC6}.Release|x64.Build.0 = Release|Any CPU
		{E5047A6C-8DD2-41C4-B606-B96951DB9FC6}.Release|x86.ActiveCfg = Release|Any CPU
		{E5047A6C-8DD2-41C4-B606-B96951DB9FC6}.Release|x86.Build.0 = Release|Any CPU
		{A1B2C3D4-E5F6-7890-ABCD-EF1234567890}.Debug|Any CPU.ActiveCfg = Debug|Any CPU
		{A1B2C3D4-E5F6-7890-ABCD-EF1234567890}.Debug|Any CPU.Build.0 = Debug|Any CPU
		{A1B2C3D4-E5F6-7890-ABCD-EF1234567890}.Debug|x64.ActiveCfg = Debug|Any CPU
		{A1B2C3D4-E5F6-7890-ABCD-EF1234567890}.Debug|x64.Build.0 = Debug|Any CPU
		{A1B2C3D4-E5F6-7890-ABCD-EF1234567890}.Debug|x86.ActiveCfg = Debug|Any CPU
		{A1B2C3D4-E5F6-7890-ABCD-EF1234567890}.Debug|x86.Build.0 = Debug|Any CPU
		{A1B2C3D4-E5F6-7890-ABCD-EF1234567890}.Release|Any CPU.ActiveCfg = Release|Any CPU
		{A1B2C3D4-E5F6-7890-ABCD-EF1234567890}.Release|Any CPU.Build.0 = Release|Any CPU
		{A1B2C3D4-E5F6-7890-ABCD-EF1234567890}.Release|x64.ActiveCfg = Release|Any CPU
		{A1B2C3D4-E5F6-7890-ABCD-EF1234567890}.Release|x64.Build.0 = Release|Any CPU
		{A1B2C3D4-E5F6-7890-ABCD-EF1234567890}.Release|x86.ActiveCfg = Release|Any CPU
		{A1B2C3D4-E5F6-7890-ABCD-EF1234567890}.Release|x86.Build.0 = Release|Any CPU
		{B2C3D4E5-F6A7-8901-BCDE-F12345678901}.Debug|Any CPU.ActiveCfg = Debug|Any CPU
		{B2C3D4E5-F6A7-8901-BCDE-F12345678901}.Debug|Any CPU.Build.0 = Debug|Any CPU
		{B2C3D4E5-F6A7-8901-BCDE-F12345678901}.Debug|x64.ActiveCfg = Debug|Any CPU
		{B2C3D4E5-F6A7-8901-BCDE-F12345678901}.Debug|x64.Build.0 = Debug|Any CPU
		{B2C3D4E5-F6A7-8901-BCDE-F12345678901}.Debug|x86.ActiveCfg = Debug|Any CPU
		{B2C3D4E5-F6A7-8901-BCDE-F12345678901}.Debug|x86.Build.0 = Debug|Any CPU
		{B2C3D4E5-F6A7-8901-BCDE-F12345678901}.Release|Any CPU.ActiveCfg = Release|Any CPU
		{B2C3D4E5-F6A7-8901-BCDE-F12345678901}.Release|Any CPU.Build.0 = Release|Any CPU
		{B2C3D4E5-F6A7-8901-BCDE-F12345678901}.Release|x64.ActiveCfg = Release|Any CPU
		{B2C3D4E5-F6A7-8901-BCDE-F12345678901}.Release|x64.Build.0 = Release|Any CPU
		{B2C3D4E5-F6A7-8901-BCDE-F12345678901}.Release|x86.ActiveCfg = Release|Any CPU
		{B2C3D4E5-F6A7-8901-BCDE-F12345678901}.Release|x86.Build.0 = Release|Any CPU
		{3F143E82-9D89-413F-A8F1-B624AD8E1007}.Debug|Any CPU.ActiveCfg = Debug|Any CPU
		{3F143E82-9D89-413F-A8F1-B624AD8E1007}.Debug|Any CPU.Build.0 = Debug|Any CPU
		{3F143E82-9D89-413F-A8F1-B624AD8E1007}.Debug|x64.ActiveCfg = Debug|Any CPU
		{3F143E82-9D89-413F-A8F1-B624AD8E1007}.Debug|x64.Build.0 = Debug|Any CPU
		{3F143E82-9D89-413F-A8F1-B624AD8E1007}.Debug|x86.ActiveCfg = Debug|Any CPU
		{3F143E82-9D89-413F-A8F1-B624AD8E1007}.Debug|x86.Build.0 = Debug|Any CPU
		{3F143E82-9D89-413F-A8F1-B624AD8E1007}.Release|Any CPU.ActiveCfg = Release|Any CPU
		{3F143E82-9D89-413F-A8F1-B624AD8E1007}.Release|Any CPU.Build.0 = Release|Any CPU
		{3F143E82-9D89-413F-A8F1-B624AD8E1007}.Release|x64.ActiveCfg = Release|Any CPU
		{3F143E82-9D89-413F-A8F1-B624AD8E1007}.Release|x64.Build.0 = Release|Any CPU
		{3F143E82-9D89-413F-A8F1-B624AD8E1007}.Release|x86.ActiveCfg = Release|Any CPU
		{3F143E82-9D89-413F-A8F1-B624AD8E1007}.Release|x86.Build.0 = Release|Any CPU
		{6C2A94D1-45B7-4A0E-9F3C-8D15E2B7A643}.Debug|Any CPU.ActiveCfg = Debug|Any CPU
		{6C2A94D1-45B7-4A0E-9F3C-8D15E2B7A643}.Debug|Any CPU.Build.0 = Debug|Any CPU
		{6C2A94D1-45B7-4A0E-9F3C-8D15E2B7A643}.Debug|x64.ActiveCfg = Debug|Any CPU
		{6C2A94D1-45B7-4A0E-9F3C-8D15E2B7A643}.Debug|x64.Build.0 = Debug|Any CPU
		{6C2A94D1-45B7-4A0E-9F3C-8D15E2B7A643}.Debug|x86.ActiveCfg = Debug|Any CPU
		{6C2A94D1-45B7-4A0E-9F3C-8D15E2B7A643}.Debug|x86.Build.0 = Debug|Any CPU
		{6C2A94D1-45B7-4A0E-9F3C-8D15E2B7A643}.Release|Any CPU.ActiveCfg = Release|Any CPU
		{6C2A94D1-45B7-4A0E-9F3C-8D15E2B7A643}.Release|Any CPU.Build.0 = Release|Any CPU
		{6C2A94D1-45B7-4A0E-9F3C-8D15E2B7A643}.Release|x64.ActiveCfg = Release|Any CPU
		{6C2A94D1-45B7-4A0E-9F3C-8D15E2B7A643}.Release|x64.Build.0 = Release|Any CPU
		{6C2A94D1-45B7-4A0E-9F3C-8D15E2B7A643}.Release|x86.ActiveCfg = Release|Any CPU
		{6C2A94D1-45B7-4A0E-9F3C-8D15E2B7A643}.Release|x86.Build.0 = Release|Any CPU
		{A9E4B1C2-3D5F-4A6B-8C7D-1E2F3A4B5C6D}.Debug|Any CPU.ActiveCfg = Debug|Any CPU
		{A9E4B1C2-3D5F-4A6B-8C7D-1E2F3A4B5C6D}.Debug|Any CPU.Build.0 = Debug|Any CPU
		{A9E4B1C2-3D5F-4A6B-8C7D-1E2F3A4B5C6D}.Debug|x64.ActiveCfg = Debug|Any CPU
		{A9E4B1C2-3D5F-4A6B-8C7D-1E2F3A4B5C6D}.Debug|x64.Build.0 = Debug|Any CPU
		{A9E4B1C2-3D5F-4A6B-8C7D-1E2F3A4B5C6D}.Debug|x86.ActiveCfg = Debug|Any CPU
		{A9E4B1C2-3D5F-4A6B-8C7D-1E2F3A4B5C6D}.Debug|x86.Build.0 = Debug|Any CPU
		{A9E4B1C2-3D5F-4A6B-8C7D-1E2F3A4B5C6D}.Release|Any CPU.ActiveCfg = Release|Any CPU
		{A9E4B1C2-3D5F-4A6B-8C7D-1E2F3A4B5C6D}.Release|Any CPU.Build.0 = Release|Any CPU
		{A9E4B1C2-3D5F-4A6B-8C7D-1E2F3A4B5C6D}.Release|x64.ActiveCfg = Release|Any CPU
		{A9E4B1C2-3D5F-4A6B-8C7D-1E2F3A4B5C6D}.Release|x64.Build.0 = Release|Any CPU
		{A9E4B1C2-3D5F-4A6B-8C7D-1E2F3A4B5C6D}.Release|x86.ActiveCfg = Release|Any CPU
		{A9E4B1C2-3D5F-4A6B-8C7D-1E2F3A4B5C6D}.Release|x86.Build.0 = Release|Any CPU
		{0561AC1C-94CF-485A-9CF5-158FE30C32C1}.Debug|Any CPU.ActiveCfg = Debug|Any CPU
		{0561AC1C-94CF-485A-9CF5-158FE30C32C1}.Debug|Any CPU.Build.0 = Debug|Any CPU
		{0561AC1C-94CF-485A-9CF5-158FE30C32C1}.Debug|x64.ActiveCfg = Debug|Any CPU
		{0561AC1C-94CF-485A-9CF5-158FE30C32C1}.Debug|x64.Build.0 = Debug|Any CPU
		{0561AC1C-94CF-485A-9CF5-158FE30C32C1}.Debug|x86.ActiveCfg = Debug|Any CPU
		{0561AC1C-94CF-485A-9CF5-158FE30C32C1}.Debug|x86.Build.0 = Debug|Any CPU
		{0561AC1C-94CF-485A-9CF5-158FE30C32C1}.Release|Any CPU.ActiveCfg = Release|Any CPU
		{0561AC1C-94CF-485A-9CF5-158FE30C32C1}.Release|Any CPU.Build.0 = Release|Any CPU
		{0561AC1C-94CF-485A-9CF5-158FE30C32C1}.Release|x64.ActiveCfg = Release|Any CPU
		{0561AC1C-94CF-485A-9CF5-158FE30C32C1}.Release|x64.Build.0 = Release|Any CPU
		{0561AC1C-94CF-485A-9CF5-158FE30C32C1}.Release|x86.ActiveCfg = Release|Any CPU
		{0561AC1C-94CF-485A-9CF5-158FE30C32C1}.Release|x86.Build.0 = Release|Any CPU
	EndGlobalSection
	GlobalSection(SolutionProperties) = preSolution
		HideSolutionNode = FALSE
	EndGlobalSection
	GlobalSection(NestedProjects) = preSolution
		{8B3504EC-5211-49AA-91FE-5837B4F6513A} = {7074BDC5-03B6-4A6D-8D2A-24609998D2B8}
		{9872D1A1-0994-4F80-8856-10EA3A11810B} = {7074BDC5-03B6-4A6D-8D2A-24609998D2B8}
		{78335A7F-6D14-4EC9-8CF6-06E878A0900C} = {7074BDC5-03B6-4A6D-8D2A-24609998D2B8}
		{45D4F460-9BFB-4B63-8917-4724056798CA} = {7074BDC5-03B6-4A6D-8D2A-24609998D2B8}
		{E5047A6C-8DD2-41C4-B606-B96951DB9FC6} = {7074BDC5-03B6-4A6D-8D2A-24609998D2B8}
		{A1B2C3D4-E5F6-7890-ABCD-EF1234567890} = {7074BDC5-03B6-4A6D-8D2A-24609998D2B8}
		{B2C3D4E5-F6A7-8901-BCDE-F12345678901} = {7074BDC5-03B6-4A6D-8D2A-24609998D2B8}
		{3F143E82-9D89-413F-A8F1-B624AD8E1007} = {7074BDC5-03B6-4A6D-8D2A-24609998D2B8}
		{6C2A94D1-45B7-4A0E-9F3C-8D15E2B7A643} = {7074BDC5-03B6-4A6D-8D2A-24609998D2B8}
		{A9E4B1C2-3D5F-4A6B-8C7D-1E2F3A4B5C6D} = {7074BDC5-03B6-4A6D-8D2A-24609998D2B8}
		{0561AC1C-94CF-485A-9CF5-158FE30C32C1} = {7074BDC5-03B6-4A6D-8D2A-24609998D2B8}
	EndGlobalSection
EndGlobal
